{
    "_meta": {
        "hash": {
            "sha256": "52dc42cf6bff2d680f3fe5688fbd75d16a0732a54f8f7cd6d852b8a8d74d2997"
        },
        "pipfile-spec": 6,
        "requires": {
            "python_version": "3.12"
        },
        "sources": [
            {
                "name": "pypi",
                "url": "https://pypi.org/simple",
                "verify_ssl": true
            }
        ]
    },
    "default": {
        "asgiref": {
            "hashes": [
                "sha256:3e1e3ecc849832fe52ccf2cb6686b7a55f82bb1d6aee72a58826471390335e47",
                "sha256:c343bd80a0bec947a9860adb4c432ffa7db769836c64238fc34bdc3fec84d590"
            ],
            "markers": "python_version >= '3.8'",
            "version": "==3.8.1"
        },
        "cython": {
            "hashes": [
                "sha256:0b1d1f6f94cc5d42a4591f6d60d616786b9cd15576b112bc92a23131fcf38020",
                "sha256:0e25f6425ad4a700d7f77cd468da9161e63658837d1bc34861a9861a4ef6346d",
                "sha256:0fc6fdd6fa493be7bdda22355689d5446ac944cd71286f6f44a14b0d67ee3ff5",
                "sha256:104d6f2f2c827ccc5e9e42c80ef6773a6aa94752fe6bc5b24a4eab4306fb7f07",
                "sha256:11996c40c32abf843ba652a6d53cb15944c88d91f91fc4e6f0028f5df8a8f8a1",
                "sha256:13062ce556a1e98d2821f7a0253b50569fdc98c36efd6653a65b21e3f8bbbf5f",
                "sha256:14701edb3107a5d9305a82d9d646c4f28bfecbba74b26cc1ee2f4be08f602057",
                "sha256:187685e25e037320cae513b8cc4bf9dbc4465c037051aede509cbbf207524de2",
                "sha256:1dd47865f4c0a224da73acf83d113f93488d17624e2457dce1753acdfb1cc40c",
                "sha256:221de0b48bf387f209003508e602ce839a80463522fc6f583ad3c8d5c890d2c1",
                "sha256:2252b5aa57621848e310fe7fa6f7dce5f73aa452884a183d201a8bcebfa05a00",
                "sha256:2a8ea2e7e2d3bc0d8630dafe6c4a5a89485598ff8a61885b74f8ed882597efd5",
                "sha256:301bde949b4f312a1c70e214b0c3bc51a3f955d466010d2f68eb042df36447b0",
                "sha256:3379c6521e25aa6cd7703bb7d635eaca75c0f9c7f1b0fdd6dd15a03bfac5f68d",
                "sha256:351955559b37e6c98b48aecb178894c311be9d731b297782f2b78d111f0c9015",
                "sha256:3699391125ab344d8d25438074d1097d9ba0fb674d0320599316cfe7cf5f002a",
                "sha256:3999fb52d3328a6a5e8c63122b0a8bd110dfcdb98dda585a3def1426b991cba7",
                "sha256:3f2b062f6df67e8a56c75e500ca330cf62c85ac26dd7fd006f07ef0f83aebfa3",
                "sha256:3ff8ac1f0ecd4f505db4ab051e58e4531f5d098b6ac03b91c3b902e8d10c67b3",
                "sha256:421017466e9260aca86823974e26e158e6358622f27c0f4da9c682f3b6d2e624",
                "sha256:4341d6a64d47112884e0bcf31e6c075268220ee4cd02223047182d4dda94d637",
                "sha256:44292aae17524abb4b70a25111fe7dec1a0ad718711d47e3786a211d5408fdaa",
                "sha256:46aec30f217bdf096175a1a639203d44ac73a36fe7fa3dd06bd012e8f39eca0f",
                "sha256:473d35681d9f93ce380e6a7c8feb2d65fc6333bd7117fbc62989e404e241dbb0",
                "sha256:4e9a8d92978b15a0c7ca7f98447c6c578dc8923a0941d9d172d0b077cb69c576",
                "sha256:52186101d51497519e99b60d955fd5cb3bf747c67f00d742e70ab913f1e42d31",
                "sha256:52205347e916dd65d2400b977df4c697390c3aae0e96275a438cc4ae85dadc08",
                "sha256:525d09b3405534763fa73bd78c8e51ac8264036ce4c16d37dfd1555a7da6d3a7",
                "sha256:53b6072a89049a991d07f42060f65398448365c59c9cb515c5925b9bdc9d71f8",
                "sha256:598699165cfa7c6d69513ee1bffc9e1fdd63b00b624409174c388538aa217975",
                "sha256:63f2c892e9f9c1698ecfee78205541623eb31cd3a1b682668be7ac12de94aa8e",
                "sha256:6823aef13669a32caf18bbb036de56065c485d9f558551a9b55061acf9c4c27f",
                "sha256:6fb68cef33684f8cc97987bee6ae919eee7e18ee6a3ad7ed9516b8386ef95ae6",
                "sha256:7146dd2af8682b4ca61331851e6aebce9fe5158e75300343f80c07ca80b1faff",
                "sha256:75ba1c70b6deeaffbac123856b8d35f253da13552207aa969078611c197377e4",
                "sha256:780f89c95b8aec1e403005b3bf2f0a2afa060b3eba168c86830f079339adad89",
                "sha256:790263b74432cb997740d73665f4d8d00b9cd1cecbdd981d93591ddf993d4f12",
                "sha256:8948802e1f5677a673ea5d22a1e7e273ca5f83e7a452786ca286eebf97cee67c",
                "sha256:8acdc87e9009110adbceb7569765eb0980129055cc954c62f99fe9f094c9505e",
                "sha256:8b14c24f1dc4c4c9d997cca8d1b7fb01187a218aab932328247dcf5694a10102",
                "sha256:989899a85f0d9a57cebb508bd1f194cb52f0e3f7e22ac259f33d148d6422375c",
                "sha256:9c02361af9bfa10ff1ccf967fc75159e56b1c8093caf565739ed77a559c1f29f",
                "sha256:a0583076c4152b417a3a8a5d81ec02f58c09b67d3f22d5857e64c8734ceada8c",
                "sha256:a1f4cbc70f6b7f0c939522118820e708e0d490edca42d852fa8004ec16780be2",
                "sha256:a690f2ff460682ea985e8d38ec541be97e0977fa0544aadc21efc116ff8d7579",
                "sha256:a75d45fbc20651c1b72e4111149fed3b33d270b0a4fb78328c54d965f28d55e1",
                "sha256:aedceb6090a60854b31bf9571dc55f642a3fa5b91f11b62bcef167c52cac93d8",
                "sha256:af91497dc098718e634d6ec8f91b182aea6bb3690f333fc9a7777bc70abe8810",
                "sha256:b4ab2b92a3e6ed552adbe9350fd2ef3aa0cc7853cf91569f9dbed0c0699bbeab",
                "sha256:b8c7e514075696ca0f60c337f9e416e61d7ccbc1aa879a56c39181ed90ec3059",
                "sha256:bcd29945fafd12484cf37b1d84f12f0e7a33ba3eac5836531c6bd5283a6b3a0c",
                "sha256:bfa550d9ae39e827a6e7198076df763571cb53397084974a6948af558355e028",
                "sha256:c3d68751668c66c7a140b6023dba5d5d507f72063407bb609d3a5b0f3b8dfbe4",
                "sha256:c69d5cad51388522b98a99b4be1b77316de85b0c0523fa865e0ea58bbb622e0a",
                "sha256:c8eed5c015685106db15dd103fd040948ddca9197b1dd02222711815ea782a27",
                "sha256:cee29846471ce60226b18e931d8c1c66a158db94853e3e79bc2da9bd22345008",
                "sha256:d02f4ebe15aac7cdacce1a628e556c1983f26d140fd2e0ac5e0a090e605a2d38",
                "sha256:d566a4e09b8979be8ab9f843bac0dd216c81f5e5f45661a9b25cd162ed80508c",
                "sha256:d80a7232938d523c1a12f6b1794ab5efb1ae77ad3fde79de4bb558d8ab261619",
                "sha256:d89a82937ce4037f092e9848a7bbcc65bc8e9fc9aef2bb74f5c15e7d21a73080",
                "sha256:da394654c6da15c1d37f0b7ec5afd325c69a15ceafee2afba14b67a5df8a82c8",
                "sha256:ddd1fe25af330f4e003421636746a546474e4ccd8f239f55d2898d80983d20ed",
                "sha256:e6dd395d1a704e34a9fac00b25f0036dce6654c6b898be6f872ac2bb4f2eda48",
                "sha256:eeb6860b0f4bfa402de8929833fe5370fa34069c7ebacb2d543cb017f21fb891",
                "sha256:f3953d2f504176f929862e5579cfc421860c33e9707f585d70d24e1096accdf7",
                "sha256:f988f7f8164a6079c705c39e2d75dbe9967e3dacafe041420d9af7b9ee424162"
            ],
            "index": "pypi",
            "markers": "python_version >= '2.7' and python_version not in '3.0, 3.1, 3.2, 3.3'",
            "version": "==3.0.11"
        },
        "django": {
            "hashes": [
                "sha256:04ab3f6f46d084a0bba5a2c9a93a3a2eb3fe81589512367a75f79ee8acf790ce",
                "sha256:94a3f471e833c8f124ee7a2de11e92f633991d975e3fa5bdd91e8abd66426318"
            ],
            "index": "pypi",
            "markers": "python_version >= '3.8'",
            "version": "==4.1.13"
        },
        "django-cors-headers": {
            "hashes": [
                "sha256:5c6e3b7fe870876a1efdfeb4f433782c3524078fa0dc9e0195f6706ce7a242f6",
                "sha256:92cf4633e22af67a230a1456cb1b7a02bb213d6536d2dcb2a4a24092ea9cebc2"
            ],
            "index": "pypi",
            "markers": "python_version >= '3.8'",
            "version": "==4.4.0"
        },
        "djongo": {
            "hashes": [
                "sha256:2250d484d4b4025661c139162bafd359eabaffd0deeba18debc59df78a325dc7"
            ],
            "index": "pypi",
            "markers": "python_version >= '3.6'",
            "version": "==1.3.6"
        },
        "dnspython": {
            "hashes": [
                "sha256:5ef3b9680161f6fa89daf8ad451b5f1a33b18ae8a1c6778cdf4b43f08c0a6e50",
                "sha256:e8f0f9c23a7b7cb99ded64e6c3a6f3e701d78f50c55e002b839dea7225cff7cc"
            ],
            "index": "pypi",
            "markers": "python_version >= '3.8'",
            "version": "==2.6.1"
        },
        "pillow": {
            "hashes": [
                "sha256:02a2be69f9c9b8c1e97cf2713e789d4e398c751ecfd9967c18d0ce304efbf885",
                "sha256:030abdbe43ee02e0de642aee345efa443740aa4d828bfe8e2eb11922ea6a21ea",
                "sha256:06b2f7898047ae93fad74467ec3d28fe84f7831370e3c258afa533f81ef7f3df",
                "sha256:0755ffd4a0c6f267cccbae2e9903d95477ca2f77c4fcf3a3a09570001856c8a5",
                "sha256:0a9ec697746f268507404647e531e92889890a087e03681a3606d9b920fbee3c",
                "sha256:0ae24a547e8b711ccaaf99c9ae3cd975470e1a30caa80a6aaee9a2f19c05701d",
                "sha256:134ace6dc392116566980ee7436477d844520a26a4b1bd4053f6f47d096997fd",
                "sha256:166c1cd4d24309b30d61f79f4a9114b7b2313d7450912277855ff5dfd7cd4a06",
                "sha256:1b5dea9831a90e9d0721ec417a80d4cbd7022093ac38a568db2dd78363b00908",
                "sha256:1d846aea995ad352d4bdcc847535bd56e0fd88d36829d2c90be880ef1ee4668a",
                "sha256:1ef61f5dd14c300786318482456481463b9d6b91ebe5ef12f405afbba77ed0be",
                "sha256:297e388da6e248c98bc4a02e018966af0c5f92dfacf5a5ca22fa01cb3179bca0",
                "sha256:298478fe4f77a4408895605f3482b6cc6222c018b2ce565c2b6b9c354ac3229b",
                "sha256:29dbdc4207642ea6aad70fbde1a9338753d33fb23ed6956e706936706f52dd80",
                "sha256:2db98790afc70118bd0255c2eeb465e9767ecf1f3c25f9a1abb8ffc8cfd1fe0a",
                "sha256:32cda9e3d601a52baccb2856b8ea1fc213c90b340c542dcef77140dfa3278a9e",
                "sha256:37fb69d905be665f68f28a8bba3c6d3223c8efe1edf14cc4cfa06c241f8c81d9",
                "sha256:416d3a5d0e8cfe4f27f574362435bc9bae57f679a7158e0096ad2beb427b8696",
                "sha256:43efea75eb06b95d1631cb784aa40156177bf9dd5b4b03ff38979e048258bc6b",
                "sha256:4b35b21b819ac1dbd1233317adeecd63495f6babf21b7b2512d244ff6c6ce309",
                "sha256:4d9667937cfa347525b319ae34375c37b9ee6b525440f3ef48542fcf66f2731e",
                "sha256:5161eef006d335e46895297f642341111945e2c1c899eb406882a6c61a4357ab",
                "sha256:543f3dc61c18dafb755773efc89aae60d06b6596a63914107f75459cf984164d",
                "sha256:551d3fd6e9dc15e4c1eb6fc4ba2b39c0c7933fa113b220057a34f4bb3268a060",
                "sha256:59291fb29317122398786c2d44427bbd1a6d7ff54017075b22be9d21aa59bd8d",
                "sha256:5b001114dd152cfd6b23befeb28d7aee43553e2402c9f159807bf55f33af8a8d",
                "sha256:5b4815f2e65b30f5fbae9dfffa8636d992d49705723fe86a3661806e069352d4",
                "sha256:5dc6761a6efc781e6a1544206f22c80c3af4c8cf461206d46a1e6006e4429ff3",
                "sha256:5e84b6cc6a4a3d76c153a6b19270b3526a5a8ed6b09501d3af891daa2a9de7d6",
                "sha256:6209bb41dc692ddfee4942517c19ee81b86c864b626dbfca272ec0f7cff5d9fb",
                "sha256:673655af3eadf4df6b5457033f086e90299fdd7a47983a13827acf7459c15d94",
                "sha256:6c762a5b0997f5659a5ef2266abc1d8851ad7749ad9a6a5506eb23d314e4f46b",
                "sha256:7086cc1d5eebb91ad24ded9f58bec6c688e9f0ed7eb3dbbf1e4800280a896496",
                "sha256:73664fe514b34c8f02452ffb73b7a92c6774e39a647087f83d67f010eb9a0cf0",
                "sha256:76a911dfe51a36041f2e756b00f96ed84677cdeb75d25c767f296c1c1eda1319",
                "sha256:780c072c2e11c9b2c7ca37f9a2ee8ba66f44367ac3e5c7832afcfe5104fd6d1b",
                "sha256:7928ecbf1ece13956b95d9cbcfc77137652b02763ba384d9ab508099a2eca856",
                "sha256:7970285ab628a3779aecc35823296a7869f889b8329c16ad5a71e4901a3dc4ef",
                "sha256:7a8d4bade9952ea9a77d0c3e49cbd8b2890a399422258a77f357b9cc9be8d680",
                "sha256:7c1ee6f42250df403c5f103cbd2768a28fe1a0ea1f0f03fe151c8741e1469c8b",
                "sha256:7dfecdbad5c301d7b5bde160150b4db4c659cee2b69589705b6f8a0c509d9f42",
                "sha256:812f7342b0eee081eaec84d91423d1b4650bb9828eb53d8511bcef8ce5aecf1e",
                "sha256:866b6942a92f56300012f5fbac71f2d610312ee65e22f1aa2609e491284e5597",
                "sha256:86dcb5a1eb778d8b25659d5e4341269e8590ad6b4e8b44d9f4b07f8d136c414a",
                "sha256:87dd88ded2e6d74d31e1e0a99a726a6765cda32d00ba72dc37f0651f306daaa8",
                "sha256:8bc1a764ed8c957a2e9cacf97c8b2b053b70307cf2996aafd70e91a082e70df3",
                "sha256:8d4d5063501b6dd4024b8ac2f04962d661222d120381272deea52e3fc52d3736",
                "sha256:8f0aef4ef59694b12cadee839e2ba6afeab89c0f39a3adc02ed51d109117b8da",
                "sha256:930044bb7679ab003b14023138b50181899da3f25de50e9dbee23b61b4de2126",
                "sha256:950be4d8ba92aca4b2bb0741285a46bfae3ca699ef913ec8416c1b78eadd64cd",
                "sha256:961a7293b2457b405967af9c77dcaa43cc1a8cd50d23c532e62d48ab6cdd56f5",
                "sha256:9b885f89040bb8c4a1573566bbb2f44f5c505ef6e74cec7ab9068c900047f04b",
                "sha256:9f4727572e2918acaa9077c919cbbeb73bd2b3ebcfe033b72f858fc9fbef0026",
                "sha256:a02364621fe369e06200d4a16558e056fe2805d3468350df3aef21e00d26214b",
                "sha256:a985e028fc183bf12a77a8bbf36318db4238a3ded7fa9df1b9a133f1cb79f8fc",
                "sha256:ac1452d2fbe4978c2eec89fb5a23b8387aba707ac72810d9490118817d9c0b46",
                "sha256:b15e02e9bb4c21e39876698abf233c8c579127986f8207200bc8a8f6bb27acf2",
                "sha256:b2724fdb354a868ddf9a880cb84d102da914e99119211ef7ecbdc613b8c96b3c",
                "sha256:bbc527b519bd3aa9d7f429d152fea69f9ad37c95f0b02aebddff592688998abe",
                "sha256:bcd5e41a859bf2e84fdc42f4edb7d9aba0a13d29a2abadccafad99de3feff984",
                "sha256:bd2880a07482090a3bcb01f4265f1936a903d70bc740bfcb1fd4e8a2ffe5cf5a",
                "sha256:bee197b30783295d2eb680b311af15a20a8b24024a19c3a26431ff83eb8d1f70",
                "sha256:bf2342ac639c4cf38799a44950bbc2dfcb685f052b9e262f446482afaf4bffca",
                "sha256:c76e5786951e72ed3686e122d14c5d7012f16c8303a674d18cdcd6d89557fc5b",
                "sha256:cbed61494057c0f83b83eb3a310f0bf774b09513307c434d4366ed64f4128a91",
                "sha256:cfdd747216947628af7b259d274771d84db2268ca062dd5faf373639d00113a3",
                "sha256:d7480af14364494365e89d6fddc510a13e5a2c3584cb19ef65415ca57252fb84",
                "sha256:dbc6ae66518ab3c5847659e9988c3b60dc94ffb48ef9168656e0019a93dbf8a1",
                "sha256:dc3e2db6ba09ffd7d02ae9141cfa0ae23393ee7687248d46a7507b75d610f4f5",
                "sha256:dfe91cb65544a1321e631e696759491ae04a2ea11d36715eca01ce07284738be",
                "sha256:e4d49b85c4348ea0b31ea63bc75a9f3857869174e2bf17e7aba02945cd218e6f",
                "sha256:e4db64794ccdf6cb83a59d73405f63adbe2a1887012e308828596100a0b2f6cc",
                "sha256:e553cad5179a66ba15bb18b353a19020e73a7921296a7979c4a2b7f6a5cd57f9",
                "sha256:e88d5e6ad0d026fba7bdab8c3f225a69f063f116462c49892b0149e21b6c0a0e",
                "sha256:ecd85a8d3e79cd7158dec1c9e5808e821feea088e2f69a974db5edf84dc53141",
                "sha256:f5b92f4d70791b4a67157321c4e8225d60b119c5cc9aee8ecf153aace4aad4ef",
                "sha256:f5f0c3e969c8f12dd2bb7e0b15d5c468b51e5017e01e2e867335c81903046a22",
                "sha256:f7baece4ce06bade126fb84b8af1c33439a76d8a6fd818970215e0560ca28c27",
                "sha256:ff25afb18123cea58a591ea0244b92eb1e61a1fd497bf6d6384f09bc3262ec3e",
                "sha256:ff337c552345e95702c5fde3158acb0625111017d0e5f24bf3acdb9cc16b90d1"
            ],
            "index": "pypi",
            "markers": "python_version >= '3.8'",
            "version": "==10.4.0"
        },
        "pymongo": {
            "hashes": [
                "sha256:06b64cdf5121f86b78a84e61b8f899b6988732a8d304b503ea1f94a676221c06",
                "sha256:07398d8a03545b98282f459f2603a6bb271f4448d484ed7f411121a519a7ea48",
                "sha256:0a02313e71b7c370c43056f6b16c45effbb2d29a44d24403a3d5ba6ed322fa3f",
                "sha256:0a89cadc0062a5e53664dde043f6c097172b8c1c5f0094490095282ff9995a5f",
                "sha256:0be605bfb8461384a4cb81e80f51eb5ca1b89851f2d0e69a75458c788a7263a4",
                "sha256:0d52a70350ec3dfc39b513df12b03b7f4c8f8ec6873bbf958299999db7b05eb1",
                "sha256:0e7a5d0b9077e8c3e57727f797ee8adf12e1d5e7534642230d98980d160d1320",
                "sha256:145d78c345a38011497e55aff22c0f8edd40ee676a6810f7e69563d68a125e83",
                "sha256:14dee106a10b77224bba5efeeb6aee025aabe88eb87a2b850c46d3ee55bdab4a",
                "sha256:176fdca18391e1206c32fb1d8265628a84d28333c20ad19468d91e3e98312cd1",
                "sha256:1b4c535f524c9d8c86c3afd71d199025daa070859a2bdaf94a298120b0de16db",
                "sha256:1b5cb75d2642ff7db823f509641f143f752c0d1ab03166cafea1e42e50469834",
                "sha256:1c6c71e198b36f0f0dfe354f06d3655ecfa30d69493a1da125a9a54668aad652",
                "sha256:1c771f1a8b3cd2d697baaf57e9cfa4ae42371cacfbea42ea01d9577c06d92f96",
                "sha256:208a61db8b8b647fb5b1ff3b52b4ed6dbced01eac3b61009958adb203596ee99",
                "sha256:2157d68f85c28688e8b723bbe70c8013e0aba5570e08c48b3562f74d33fc05c4",
                "sha256:2301051701b27aff2cbdf83fae22b7ca883c9563dfd088033267291b46196643",
                "sha256:2567885ff0c8c7c0887ba6cefe4ae4af96364a66a7069f924ce0cd12eb971d04",
                "sha256:2577b8161eeae4dd376d13100b2137d883c10bb457dd08935f60c9f9d4b5c5f6",
                "sha256:27e5ea64332385385b75414888ce9d1a9806be8616d7cef4ef409f4f256c6d06",
                "sha256:28bfd5244d32faf3e49b5a8d1fab0631e922c26e8add089312e4be19fb05af50",
                "sha256:295a5beaecb7bf054c1c6a28749ed72b19f4d4b61edcd8a0815d892424baf780",
                "sha256:2c46a0afef69d61938a6fe32c3afd75b91dec3ab3056085dc72abbeedcc94166",
                "sha256:3100a2352bdded6232b385ceda0c0a4624598c517d52c2d8cf014b7abbebd84d",
                "sha256:320a1fe403dd83a35709fcf01083d14bc1462e9789b711201349a9158db3a87e",
                "sha256:320f8734553c50cffe8a8e1ae36dfc7d7be1941c047489db20a814d2a170d7b5",
                "sha256:33ab8c031f788609924e329003088831045f683931932a52a361d4a955b7dce2",
                "sha256:3492ae1f97209c66af70e863e6420e6301cecb0a51a5efa701058aa73a8ca29e",
                "sha256:351a2efe1c9566c348ad0076f4bf541f4905a0ebe2d271f112f60852575f3c16",
                "sha256:3f0ac6e0203bd88863649e6ed9c7cfe53afab304bc8225f2597c4c0a74e4d1f0",
                "sha256:3fedad05147b40ff8a93fcd016c421e6c159f149a2a481cfa0b94bfa3e473bab",
                "sha256:4294f2c1cd069b793e31c2e6d7ac44b121cf7cedccd03ebcc30f3fc3417b314a",
                "sha256:463b974b7f49d65a16ca1435bc1c25a681bb7d630509dd23b2e819ed36da0b7f",
                "sha256:4e0a3ea7fd01cf0a36509f320226bd8491e0f448f00b8cb89f601c109f6874e1",
                "sha256:514e78d20d8382d5b97f32b20c83d1d0452c302c9a135f0a9022236eb9940fda",
                "sha256:517b09b1dd842390a965a896d1327c55dfe78199c9f5840595d40facbcd81854",
                "sha256:51d1d061df3995c2332ae78f036492cc188cb3da8ef122caeab3631a67bb477e",
                "sha256:5296669bff390135528001b4e48d33a7acaffcd361d98659628ece7f282f11aa",
                "sha256:5296e5e69243ffd76bd919854c4da6630ae52e46175c804bc4c0e050d937b705",
                "sha256:58db209da08a502ce6948841d522dcec80921d714024354153d00b054571993c",
                "sha256:5b779e87300635b8075e8d5cfd4fdf7f46078cd7610c381d956bca5556bb8f97",
                "sha256:5cf113a46d81cff0559d57aa66ffa473d57d1a9496f97426318b6b5b14fdec1c",
                "sha256:5d20072d81cbfdd8e15e6a0c91fc7e3a4948c71e0adebfc67d3b4bcbe8602711",
                "sha256:5d67dbc8da2dac1644d71c1839d12d12aa333e266a9964d5b1a49feed036bc94",
                "sha256:5f530f35e1a57d4360eddcbed6945aecdaee2a491cd3f17025e7b5f2eea88ee7",
                "sha256:5fdffb0cfeb4dc8646a5381d32ec981ae8472f29c695bf09e8f7a8edb2db12ca",
                "sha256:602284e652bb56ca8760f8e88a5280636c5b63d7946fca1c2fe0f83c37dffc64",
                "sha256:648fcfd8e019b122b7be0e26830a3a2224d57c3e934f19c1e53a77b8380e6675",
                "sha256:64b9122be1c404ce4eb367ad609b590394587a676d84bfed8e03c3ce76d70560",
                "sha256:6526933760ee1e6090db808f1690a111ec409699c1990efc96f134d26925c37f",
                "sha256:6632b1c63d58cddc72f43ab9f17267354ddce563dd5e11eadabd222dcc808808",
                "sha256:6f93dbfa5a461107bc3f5026e0d5180499e13379e9404f07a9f79eb5e9e1303d",
                "sha256:71c0db2c313ea8a80825fb61b7826b8015874aec29ee6364ade5cb774fe4511b",
                "sha256:71c5c200fd37a5322706080b09c3ec8907cf01c377a7187f354fc9e9e13abc73",
                "sha256:7738147cd9dbd6d18d5593b3491b4620e13b61de975fd737283e4ad6c255c273",
                "sha256:7a6e4dccae8ef5dd76052647d78f02d5d0ffaff1856277d951666c54aeba3ad2",
                "sha256:7b4a9fcd95e978cd3c96cdc2096aa54705266551422cf0883c12a4044def31c6",
                "sha256:80710d7591d579442c67a3bc7ae9dcba9ff95ea8414ac98001198d894fc4ff46",
                "sha256:81a3ebc33b1367f301d1c8eda57eec4868e951504986d5d3fe437479dcdac5b2",
                "sha256:8455176fd1b86de97d859fed4ae0ef867bf998581f584c7a1a591246dfec330f",
                "sha256:845b178bd127bb074835d2eac635b980c58ec5e700ebadc8355062df708d5a71",
                "sha256:858af7c2ab98f21ed06b642578b769ecfcabe4754648b033168a91536f7beef9",
                "sha256:87e18f29bac4a6be76a30e74de9c9005475e27100acf0830679420ce1fd9a6fd",
                "sha256:89d7baa847383b9814de640c6f1a8553d125ec65e2761ad146ea2e75a7ad197c",
                "sha256:8c7ad5cab282f53b9d78d51504330d1c88c83fbe187e472c07e6908a0293142e",
                "sha256:8d92c6bb9174d47c2257528f64645a00bbc6324a9ff45a626192797aff01dc14",
                "sha256:9252c991e8176b5a2fa574c5ab9a841679e315f6e576eb7cf0bd958f3e39b0ad",
                "sha256:93111fd4e08fa889c126aa8baf5c009a941880a539c87672e04583286517450a",
                "sha256:95d15cf81cd2fb926f2a6151a9f94c7aacc102b415e72bc0e040e29332b6731c",
                "sha256:9d5b66d457d2c5739c184a777455c8fde7ab3600a56d8bbebecf64f7c55169e1",
                "sha256:a055d29f1302892a9389a382bed10a3f77708bcf3e49bfb76f7712fa5f391cc6",
                "sha256:a1ba93be779a9b8e5e44f5c133dc1db4313661cead8a2fd27661e6cb8d942ee9",
                "sha256:a283425e6a474facd73072d8968812d1d9058490a5781e022ccf8895500b83ce",
                "sha256:a351986d6c9006308f163c359ced40f80b6cffb42069f3e569b979829951038d",
                "sha256:a766157b195a897c64945d4ff87b050bb0e763bb78f3964e996378621c703b00",
                "sha256:a8a3540e21213cb8ce232e68a7d0ee49cdd35194856c50b8bd87eeb572fadd42",
                "sha256:a8e0a086dbbee406cc6f603931dfe54d1cb2fba585758e06a2de01037784b737",
                "sha256:ab23b0545ec71ea346bf50a5d376d674f56205b729980eaa62cdb7871805014b",
                "sha256:b0db9a4691074c347f5d7ee830ab3529bc5ad860939de21c1f9c403daf1eda9a",
                "sha256:b1b5be40ebf52c3c67ee547e2c4435ed5bc6352f38d23e394520b686641a6be4",
                "sha256:b3e08aef4ea05afbc0a70cd23c13684e7f5e074f02450964ec5cfa1c759d33d2",
                "sha256:b7df0d99e189b7027d417d4bfd9b8c53c9c7ed5a0a1495d26a6f547d820eca88",
                "sha256:be1f10145f7ea76e3e836fdc5c8429c605675bdcddb0bca9725ee6e26874c00c",
                "sha256:bf254a1a95e95fdf4eaa25faa1ea450a6533ed7a997f9f8e49ab971b61ea514d",
                "sha256:bfc2d763d05ec7211313a06e8571236017d3e61d5fef97fcf34ec4b36c0b6556",
                "sha256:c164eda0be9048f83c24b9b2656900041e069ddf72de81c17d874d0c32f6079f",
                "sha256:c22591cff80188dd8543be0b559d0c807f7288bd353dc0bcfe539b4588b3a5cd",
                "sha256:c5f83bb59d0ff60c6fdb1f8a7b0288fbc4640b1f0fd56f5ae2387749c35d34e3",
                "sha256:c7e8221278e5f9e2b6d3893cfc3a3e46c017161a57bb0e6f244826e4cee97916",
                "sha256:c8d6bf6fcd42cde2f02efb8126812a010c297eacefcd090a609639d2aeda6185",
                "sha256:c8f7dd025cb0bf19e2f60a64dfc24b513c8330e0cfe4a34ccf941eafd6194d9e",
                "sha256:c9d212e2af72d5c8d082775a43eb726520e95bf1c84826440f74225843975136",
                "sha256:cebb3d8bcac4a6b48be65ebbc5c9881ed4a738e27bb96c86d9d7580a1fb09e05",
                "sha256:d3082e5c4d7b388792124f5e805b469109e58f1ab1eb1fbd8b998e8ab766ffb7",
                "sha256:d81047341ab56061aa4b6823c54d4632579c3b16e675089e8f520e9b918a133b",
                "sha256:d81299f63dc33cc172c26faf59cc54dd795fc6dd5821a7676cca112a5ee8bbd6",
                "sha256:dfa217bf8cf3ff6b30c8e6a89014e0c0e7b50941af787b970060ae5ba04a4ce5",
                "sha256:dfec57f15f53d677b8e4535695ff3f37df7f8fe431f2efa8c3c8c4025b53d1eb",
                "sha256:e099b79ccf7c40f18b149a64d3d10639980035f9ceb223169dd806ff1bb0d9cc",
                "sha256:e1fc4d3985868860b6585376e511bb32403c5ffb58b0ed913496c27fd791deea",
                "sha256:e2b4c95c47fb81b19ea77dc1c50d23af3eba87c9628fcc2e03d44124a3d336ea",
                "sha256:e4e5d163e6644c2bc84dd9f67bfa89288c23af26983d08fefcc2cbc22f6e57e6",
                "sha256:e66b3c9f8b89d4fd58a59c04fdbf10602a17c914fbaaa5e6ea593f1d54b06362",
                "sha256:ed7d11330e443aeecab23866055e08a5a536c95d2c25333aeb441af2dbac38d2",
                "sha256:f340a2a908644ea6cccd399be0fb308c66e05d2800107345f9f0f0d59e1731c4",
                "sha256:f38b35ecd2628bf0267761ed659e48af7e620a7fcccfccf5774e7308fb18325c",
                "sha256:f6d5443104f89a840250087863c91484a72f254574848e951d1bdd7d8b2ce7c9",
                "sha256:fc2048d13ff427605fea328cbe5369dce549b8c7657b0e22051a5b8831170af6"
            ],
            "index": "pypi",
            "version": "==3.12.3"
        },
        "pypng": {
            "hashes": [
                "sha256:4a43e969b8f5aaafb2a415536c1a8ec7e341cd6a3f957fd5b5f32a4cfeed902c",
                "sha256:739c433ba96f078315de54c0db975aee537cbc3e1d0ae4ed9aab0ca1e427e2c1"
            ],
            "version": "==0.20220715.0"
        },
        "python-dotenv": {
            "hashes": [
                "sha256:e324ee90a023d808f1959c46bcbc04446a10ced277783dc6ee09987c37ec10ca",
                "sha256:f7b63ef50f1b690dddf550d03497b66d609393b40b564ed0d674909a68ebf16a"
            ],
            "index": "pypi",
            "markers": "python_version >= '3.8'",
            "version": "==1.0.1"
        },
        "pytz": {
            "hashes": [
                "sha256:2a29735ea9c18baf14b448846bde5a48030ed267578472d8955cd0e7443a9812",
                "sha256:328171f4e3623139da4983451950b28e95ac706e13f3f2630a879749e7a8b319"
            ],
            "index": "pypi",
            "version": "==2024.1"
        },
        "qrcode": {
            "hashes": [
                "sha256:581dca7a029bcb2deef5d01068e39093e80ef00b4a61098a2182eac59d01643a",
                "sha256:9dd969454827e127dbd93696b20747239e6d540e082937c90f14ac95b30f5845"
            ],
            "index": "pypi",
            "markers": "python_version >= '3.7'",
            "version": "==7.4.2"
        },
        "sqlparse": {
            "hashes": [
                "sha256:ce028444cfab83be538752a2ffdb56bc417b7784ff35bb9a3062413717807dec",
                "sha256:d9cf190f51cbb26da0412247dfe4fb5f4098edb73db84e02f9fc21fdca31fed4"
            ],
            "version": "==0.2.4"
        },
        "typing-extensions": {
            "hashes": [
                "sha256:04e5ca0351e0f3f85c6853954072df659d0d13fac324d0072316b67d7794700d",
                "sha256:1a7ead55c7e559dd4dee8856e3a88b41225abfe1ce8df57b7c13915fe121ffb8"
            ],
            "markers": "python_version >= '3.8'",
            "version": "==4.12.2"
        }
    },
    "develop": {}
}
